
Microsoft Visual Studio Solution File, Format Version 12.00
# Visual Studio Version 17
VisualStudioVersion = 17.7.34221.43
MinimumVisualStudioVersion = 10.0.40219.1
Project("{FAE04EC0-301F-11D3-BF4B-00C04F79EFBC}") = "LuxVoiture", "LuxVoiture.csproj", "{1D44A206-8EF0-4BB3-8321-FCC55B7BE9F9}"
EndProject
Global
	GlobalSection(SolutionConfigurationPlatforms) = preSolution
		Debug|Any CPU = Debug|Any CPU
		Release|Any CPU = Release|Any CPU
	EndGlobalSection
	GlobalSection(ProjectConfigurationPlatforms) = postSolution
		{1D44A206-8EF0-4BB3-8321-FCC55B7BE9F9}.Debug|Any CPU.ActiveCfg = Debug|Any CPU
		{1D44A206-8EF0-4BB3-8321-FCC55B7BE9F9}.Debug|Any CPU.Build.0 = Debug|Any CPU
		{1D44A206-8EF0-4BB3-8321-FCC55B7BE9F9}.Release|Any CPU.ActiveCfg = Release|Any CPU
		{1D44A206-8EF0-4BB3-8321-FCC55B7BE9F9}.Release|Any CPU.Build.0 = Release|Any CPU
	EndGlobalSection
	GlobalSection(SolutionProperties) = preSolution
		HideSolutionNode = FALSE
	EndGlobalSection
	GlobalSection(ExtensibilityGlobals) = postSolution
		SolutionGuid = {F5556228-7172-4036-9D09-9EF625D804D0}
	EndGlobalSection
EndGlobal
